# This file is automatically @generated by Poetry 1.7.1 and should not be changed by hand.

[[package]]
name = "asgiref"
version = "3.7.2"
description = "ASGI specs, helper code, and adapters"
optional = false
python-versions = ">=3.7"
files = [
    {file = "asgiref-3.7.2-py3-none-any.whl", hash = "sha256:89b2ef2247e3b562a16eef663bc0e2e703ec6468e2fa8a5cd61cd449786d4f6e"},
    {file = "asgiref-3.7.2.tar.gz", hash = "sha256:9e0ce3aa93a819ba5b45120216b23878cf6e8525eb3848653452b4192b92afed"},
]

[package.dependencies]
typing-extensions = {version = ">=4", markers = "python_version < \"3.11\""}

[package.extras]
tests = ["mypy (>=0.800)", "pytest", "pytest-asyncio"]

[[package]]
name = "django"
version = "4.1.13"
description = "A high-level Python web framework that encourages rapid development and clean, pragmatic design."
optional = false
python-versions = ">=3.8"
files = [
    {file = "Django-4.1.13-py3-none-any.whl", hash = "sha256:04ab3f6f46d084a0bba5a2c9a93a3a2eb3fe81589512367a75f79ee8acf790ce"},
    {file = "Django-4.1.13.tar.gz", hash = "sha256:94a3f471e833c8f124ee7a2de11e92f633991d975e3fa5bdd91e8abd66426318"},
]

[package.dependencies]
asgiref = ">=3.5.2,<4"
sqlparse = ">=0.2.2"
tzdata = {version = "*", markers = "sys_platform == \"win32\""}

[package.extras]
argon2 = ["argon2-cffi (>=19.1.0)"]
bcrypt = ["bcrypt"]

[[package]]
name = "mysqlclient"
version = "2.2.1"
description = "Python interface to MySQL"
optional = false
python-versions = ">=3.8"
files = [
    {file = "mysqlclient-2.2.1-cp310-cp310-win_amd64.whl", hash = "sha256:c5a293baebbfcfa2905545198a54e90f1cf00f211eae6637d24930abb6432cba"},
    {file = "mysqlclient-2.2.1-cp311-cp311-win_amd64.whl", hash = "sha256:8f40c872f19639366e3df27bef2ff087be0e3ee0bd3453470bd29f46b54a90f6"},
    {file = "mysqlclient-2.2.1-cp312-cp312-win_amd64.whl", hash = "sha256:45600f4f321096bd1ead3355bc62cfcf8d97dc78df94e4ab5db72ecb5db1bd04"},
    {file = "mysqlclient-2.2.1-cp38-cp38-win_amd64.whl", hash = "sha256:1f8889cc5f0141bb307b915e981a66793df663ace92259344661084a7dd8d12a"},
    {file = "mysqlclient-2.2.1-cp39-cp39-win_amd64.whl", hash = "sha256:9db6305cdf2a1da350f827d2a19be7f2666eafd9eb8d4f7cbbac5df847d61b99"},
    {file = "mysqlclient-2.2.1-pp310-pypy310_pp73-win_amd64.whl", hash = "sha256:97eee76818774bb695e018ff4c3dafaab74b9a0b0cf32c90b02caeec3b19cd8e"},
    {file = "mysqlclient-2.2.1-pp38-pypy38_pp73-win_amd64.whl", hash = "sha256:4fabe1f4b545ed6244ad0ff426e6b27054b7e5c5b1392be0de2e5f2f59be0392"},
    {file = "mysqlclient-2.2.1-pp39-pypy39_pp73-win_amd64.whl", hash = "sha256:641a7c9de443ddef186a0e89f24b4251ad44f4ddc5e7094332bf2d286d7c9e33"},
    {file = "mysqlclient-2.2.1.tar.gz", hash = "sha256:2c7ad15b87293b12fd44b47c46879ec95ec647f4567e866ccd70b8337584e9b2"},
]

[[package]]
name = "python-decouple"
version = "3.8"
description = "Strict separation of settings from code."
optional = false
python-versions = "*"
files = [
    {file = "python-decouple-3.8.tar.gz", hash = "sha256:ba6e2657d4f376ecc46f77a3a615e058d93ba5e465c01bbe57289bfb7cce680f"},
    {file = "python_decouple-3.8-py3-none-any.whl", hash = "sha256:d0d45340815b25f4de59c974b855bb38d03151d81b037d9e3f463b0c9f8cbd66"},
]

[[package]]
name = "sqlparse"
version = "0.4.4"
description = "A non-validating SQL parser."
optional = false
python-versions = ">=3.5"
files = [
    {file = "sqlparse-0.4.4-py3-none-any.whl", hash = "sha256:5430a4fe2ac7d0f93e66f1efc6e1338a41884b7ddf2a350cedd20ccc4d9d28f3"},
    {file = "sqlparse-0.4.4.tar.gz", hash = "sha256:d446183e84b8349fa3061f0fe7f06ca94ba65b426946ffebe6e3e8295332420c"},
]

[package.extras]
dev = ["build", "flake8"]
doc = ["sphinx"]
test = ["pytest", "pytest-cov"]

[[package]]
name = "typing-extensions"
version = "4.9.0"
description = "Backported and Experimental Type Hints for Python 3.8+"
optional = false
python-versions = ">=3.8"
files = [
    {file = "typing_extensions-4.9.0-py3-none-any.whl", hash = "sha256:af72aea155e91adfc61c3ae9e0e342dbc0cba726d6cba4b6c72c1f34e47291cd"},
    {file = "typing_extensions-4.9.0.tar.gz", hash = "sha256:23478f88c37f27d76ac8aee6c905017a143b0b1b886c3c9f66bc2fd94f9f5783"},
]

[[package]]
name = "tzdata"
version = "2023.4"
description = "Provider of IANA time zone data"
optional = false
python-versions = ">=2"
files = [
    {file = "tzdata-2023.4-py2.py3-none-any.whl", hash = "sha256:aa3ace4329eeacda5b7beb7ea08ece826c28d761cda36e747cfbf97996d39bf3"},
    {file = "tzdata-2023.4.tar.gz", hash = "sha256:dd54c94f294765522c77399649b4fefd95522479a664a0cec87f41bebc6148c9"},
]

[[package]]
name = "uwsgi"
version = "2.0.23"
description = "The uWSGI server"
optional = false
python-versions = "*"
files = [
    {file = "uwsgi-2.0.23.tar.gz", hash = "sha256:0cafda0c16f921db7fe42cfaf81b167cf884ee17350efbdd87d1ecece2d7de37"},
]

[metadata]
lock-version = "2.0"
python-versions = "^3.9"
content-hash = "ad49fdbeefaf170817e7992aaa0b4afff0ca72c0ed096268b2762f65592c6507"
